
Microsoft Visual Studio Solution File, Format Version 12.00
# Visual Studio 15
VisualStudioVersion = 15.0.28010.2026
MinimumVisualStudioVersion = 10.0.40219.1
Project("{FAE04EC0-301F-11D3-BF4B-00C04F79EFBC}") = "01-ByteBank", "01-ByteBank\01-ByteBank.csproj", "{FE251E12-9810-486D-AB1C-E05533635BE6}"
EndProject
Global
	GlobalSection(SolutionConfigurationPlatforms) = preSolution
		Debug|Any CPU = Debug|Any CPU
		Release|Any CPU = Release|Any CPU
	EndGlobalSection
	GlobalSection(ProjectConfigurationPlatforms) = postSolution
		{FE251E12-9810-486D-AB1C-E05533635BE6}.Debug|Any CPU.ActiveCfg = Debug|Any CPU
		{FE251E12-9810-486D-AB1C-E05533635BE6}.Debug|Any CPU.Build.0 = Debug|Any CPU
		{FE251E12-9810-486D-AB1C-E05533635BE6}.Release|Any CPU.ActiveCfg = Release|Any CPU
		{FE251E12-9810-486D-AB1C-E05533635BE6}.Release|Any CPU.Build.0 = Release|Any CPU
	EndGlobalSection
	GlobalSection(SolutionProperties) = preSolution
		HideSolutionNode = FALSE
	EndGlobalSection
	GlobalSection(ExtensibilityGlobals) = postSolution
		SolutionGuid = {F459D66D-F067-4353-8F7C-86D5ED7A24CB}
	EndGlobalSection
EndGlobal
